
Microsoft Visual Studio Solution File, Format Version 12.00
# Visual Studio Version 17
VisualStudioVersion = 17.14.36221.1
MinimumVisualStudioVersion = 10.0.40219.1
Project("{FAE04EC0-301F-11D3-BF4B-00C04F79EFBC}") = "WebDemo", "WebDemo\WebDemo.csproj", "{4777212D-F00C-4430-8C70-271851C90467}"
EndProject
Project("{FAE04EC0-301F-11D3-BF4B-00C04F79EFBC}") = "EntityLayer", "EntityLayer\EntityLayer.csproj", "{3A94BE70-8B58-429B-9702-91C4A5C7AD33}"
EndProject
Project("{FAE04EC0-301F-11D3-BF4B-00C04F79EFBC}") = "DataAccessLayer", "DataAccessLayer\DataAccessLayer.csproj", "{D4A8FB74-3BC9-43F4-84AE-39405D53517A}"
EndProject
Project("{FAE04EC0-301F-11D3-BF4B-00C04F79EFBC}") = "BusinessLayer", "BusinessLayer\BusinessLayer.csproj", "{F7D9D241-75E0-410A-A33F-91FAF0F570B0}"
EndProject
Project("{FAE04EC0-301F-11D3-BF4B-00C04F79EFBC}") = "CoreLayer", "CoreLayer\CoreLayer.csproj", "{76938227-C6C9-4F76-9C75-64D2B73C2CE6}"
EndProject
Global
	GlobalSection(SolutionConfigurationPlatforms) = preSolution
		Debug|Any CPU = Debug|Any CPU
		Release|Any CPU = Release|Any CPU
	EndGlobalSection
	GlobalSection(ProjectConfigurationPlatforms) = postSolution
		{4777212D-F00C-4430-8C70-271851C90467}.Debug|Any CPU.ActiveCfg = Debug|Any CPU
		{4777212D-F00C-4430-8C70-271851C90467}.Debug|Any CPU.Build.0 = Debug|Any CPU
		{4777212D-F00C-4430-8C70-271851C90467}.Release|Any CPU.ActiveCfg = Release|Any CPU
		{4777212D-F00C-4430-8C70-271851C90467}.Release|Any CPU.Build.0 = Release|Any CPU
		{3A94BE70-8B58-429B-9702-91C4A5C7AD33}.Debug|Any CPU.ActiveCfg = Debug|Any CPU
		{3A94BE70-8B58-429B-9702-91C4A5C7AD33}.Debug|Any CPU.Build.0 = Debug|Any CPU
		{3A94BE70-8B58-429B-9702-91C4A5C7AD33}.Release|Any CPU.ActiveCfg = Release|Any CPU
		{3A94BE70-8B58-429B-9702-91C4A5C7AD33}.Release|Any CPU.Build.0 = Release|Any CPU
		{D4A8FB74-3BC9-43F4-84AE-39405D53517A}.Debug|Any CPU.ActiveCfg = Debug|Any CPU
		{D4A8FB74-3BC9-43F4-84AE-39405D53517A}.Debug|Any CPU.Build.0 = Debug|Any CPU
		{D4A8FB74-3BC9-43F4-84AE-39405D53517A}.Release|Any CPU.ActiveCfg = Release|Any CPU
		{D4A8FB74-3BC9-43F4-84AE-39405D53517A}.Release|Any CPU.Build.0 = Release|Any CPU
		{F7D9D241-75E0-410A-A33F-91FAF0F570B0}.Debug|Any CPU.ActiveCfg = Debug|Any CPU
		{F7D9D241-75E0-410A-A33F-91FAF0F570B0}.Debug|Any CPU.Build.0 = Debug|Any CPU
		{F7D9D241-75E0-410A-A33F-91FAF0F570B0}.Release|Any CPU.ActiveCfg = Release|Any CPU
		{F7D9D241-75E0-410A-A33F-91FAF0F570B0}.Release|Any CPU.Build.0 = Release|Any CPU
		{76938227-C6C9-4F76-9C75-64D2B73C2CE6}.Debug|Any CPU.ActiveCfg = Debug|Any CPU
		{76938227-C6C9-4F76-9C75-64D2B73C2CE6}.Debug|Any CPU.Build.0 = Debug|Any CPU
		{76938227-C6C9-4F76-9C75-64D2B73C2CE6}.Release|Any CPU.ActiveCfg = Release|Any CPU
		{76938227-C6C9-4F76-9C75-64D2B73C2CE6}.Release|Any CPU.Build.0 = Release|Any CPU
	EndGlobalSection
	GlobalSection(SolutionProperties) = preSolution
		HideSolutionNode = FALSE
	EndGlobalSection
	GlobalSection(ExtensibilityGlobals) = postSolution
		SolutionGuid = {2F2E8E17-2490-48FC-AF29-928A8E372406}
	EndGlobalSection
EndGlobal
